Microsoft Visual Studio Solution File, Format Version 12.00
# Visual Studio Version 17
VisualStudioVersion = 17.5.2.0
MinimumVisualStudioVersion = 10.0.40219.1
Project("{FAE04EC0-301F-11D3-BF4B-00C04F79EFBC}") = "pares", "pares\pares.csproj", "{B84246FB-6AEE-1E21-23FD-8EE61BC6E7B1}"
EndProject
Global
	GlobalSection(SolutionConfigurationPlatforms) = preSolution
		Debug|Any CPU = Debug|Any CPU
		Release|Any CPU = Release|Any CPU
	EndGlobalSection
	GlobalSection(ProjectConfigurationPlatforms) = postSolution
		{B84246FB-6AEE-1E21-23FD-8EE61BC6E7B1}.Debug|Any CPU.ActiveCfg = Debug|Any CPU
		{B84246FB-6AEE-1E21-23FD-8EE61BC6E7B1}.Debug|Any CPU.Build.0 = Debug|Any CPU
		{B84246FB-6AEE-1E21-23FD-8EE61BC6E7B1}.Release|Any CPU.ActiveCfg = Release|Any CPU
		{B84246FB-6AEE-1E21-23FD-8EE61BC6E7B1}.Release|Any CPU.Build.0 = Release|Any CPU
	EndGlobalSection
	GlobalSection(SolutionProperties) = preSolution
		HideSolutionNode = FALSE
	EndGlobalSection
	GlobalSection(ExtensibilityGlobals) = postSolution
		SolutionGuid = {78B9C375-F723-47AB-AF57-C2CC6CCD8F70}
	EndGlobalSection
EndGlobal
